
Microsoft Visual Studio Solution File, Format Version 12.00
Project("{FAE04EC0-301F-11D3-BF4B-00C04F79EFBC}") = "Shell", "Shell\Shell.csproj", "{BE4D416E-13EA-4FA7-8060-8401A773E078}"
EndProject
Project("{FAE04EC0-301F-11D3-BF4B-00C04F79EFBC}") = "WebView", "WebView\WebView.csproj", "{E9117DB2-A6C6-495E-8C8D-449CF35510E1}"
EndProject
Project("{FAE04EC0-301F-11D3-BF4B-00C04F79EFBC}") = "MeasureApp-WPF", "比亚迪AGS-WPF\MeasureApp-WPF.csproj", "{D53B41F7-98FE-4108-B1A7-3594B947A0E7}"
EndProject
Global
	GlobalSection(SolutionConfigurationPlatforms) = preSolution
		Debug|Any CPU = Debug|Any CPU
		Release|Any CPU = Release|Any CPU
	EndGlobalSection
	GlobalSection(ProjectConfigurationPlatforms) = postSolution
		{BE4D416E-13EA-4FA7-8060-8401A773E078}.Debug|Any CPU.ActiveCfg = Debug|Any CPU
		{BE4D416E-13EA-4FA7-8060-8401A773E078}.Debug|Any CPU.Build.0 = Debug|Any CPU
		{BE4D416E-13EA-4FA7-8060-8401A773E078}.Release|Any CPU.ActiveCfg = Release|Any CPU
		{BE4D416E-13EA-4FA7-8060-8401A773E078}.Release|Any CPU.Build.0 = Release|Any CPU
		{E9117DB2-A6C6-495E-8C8D-449CF35510E1}.Debug|Any CPU.ActiveCfg = Debug|Any CPU
		{E9117DB2-A6C6-495E-8C8D-449CF35510E1}.Debug|Any CPU.Build.0 = Debug|Any CPU
		{E9117DB2-A6C6-495E-8C8D-449CF35510E1}.Release|Any CPU.ActiveCfg = Release|Any CPU
		{E9117DB2-A6C6-495E-8C8D-449CF35510E1}.Release|Any CPU.Build.0 = Release|Any CPU
		{D53B41F7-98FE-4108-B1A7-3594B947A0E7}.Debug|Any CPU.ActiveCfg = Debug|Any CPU
		{D53B41F7-98FE-4108-B1A7-3594B947A0E7}.Debug|Any CPU.Build.0 = Debug|Any CPU
		{D53B41F7-98FE-4108-B1A7-3594B947A0E7}.Release|Any CPU.ActiveCfg = Release|Any CPU
		{D53B41F7-98FE-4108-B1A7-3594B947A0E7}.Release|Any CPU.Build.0 = Release|Any CPU
	EndGlobalSection
EndGlobal
